{
  "name": "TypeScript",
  "version": "1.0.0",
  "lockfileVersion": 1,
  "requires": true,
  "dependencies": {
    "@types/node": {
      "version": "14.14.25",
      "resolved": "https://registry.npm.taobao.org/@types/node/download/@types/node-14.14.25.tgz?cache=0&sync_timestamp=1612430059674&other_urls=https%3A%2F%2Fregistry.npm.taobao.org%2F%40types%2Fnode%2Fdownload%2F%40types%2Fnode-14.14.25.tgz",
      "integrity": "sha1-FZZ6e1d/+BOD+biIqmcF1D+7rpM=",
      "dev": true
    },
    "typescript": {
      "version": "4.1.3",
      "resolved": "https://registry.npm.taobao.org/typescript/download/typescript-4.1.3.tgz",
      "integrity": "sha1-UZ1YK9lMugz4k0x9joRn5HP1O7c=",
      "dev": true
    }
  }
}
